
Microsoft Visual Studio Solution File, Format Version 12.00
# Visual Studio 14
VisualStudioVersion = 14.0.25420.1
MinimumVisualStudioVersion = 10.0.40219.1
Project("{FAE04EC0-301F-11D3-BF4B-00C04F79EFBC}") = "BatchLongRunningTest", "BatchLongRunningTest\BatchLongRunningTest.csproj", "{96E576A4-0154-4FBF-8999-121AAB18849C}"
EndProject
Project("{FAE04EC0-301F-11D3-BF4B-00C04F79EFBC}") = "BatchBreaker", "BatchBreaker\BatchBreaker.csproj", "{8AC898D8-72B5-439D-8FC9-FB0FF1DEAB8D}"
EndProject
Global
	GlobalSection(SolutionConfigurationPlatforms) = preSolution
		Debug|Any CPU = Debug|Any CPU
		Release|Any CPU = Release|Any CPU
	EndGlobalSection
	GlobalSection(ProjectConfigurationPlatforms) = postSolution
		{96E576A4-0154-4FBF-8999-121AAB18849C}.Debug|Any CPU.ActiveCfg = Debug|Any CPU
		{96E576A4-0154-4FBF-8999-121AAB18849C}.Debug|Any CPU.Build.0 = Debug|Any CPU
		{96E576A4-0154-4FBF-8999-121AAB18849C}.Release|Any CPU.ActiveCfg = Release|Any CPU
		{96E576A4-0154-4FBF-8999-121AAB18849C}.Release|Any CPU.Build.0 = Release|Any CPU
		{8AC898D8-72B5-439D-8FC9-FB0FF1DEAB8D}.Debug|Any CPU.ActiveCfg = Debug|Any CPU
		{8AC898D8-72B5-439D-8FC9-FB0FF1DEAB8D}.Debug|Any CPU.Build.0 = Debug|Any CPU
		{8AC898D8-72B5-439D-8FC9-FB0FF1DEAB8D}.Release|Any CPU.ActiveCfg = Release|Any CPU
		{8AC898D8-72B5-439D-8FC9-FB0FF1DEAB8D}.Release|Any CPU.Build.0 = Release|Any CPU
	EndGlobalSection
	GlobalSection(SolutionProperties) = preSolution
		HideSolutionNode = FALSE
	EndGlobalSection
EndGlobal
